
Microsoft Visual Studio Solution File, Format Version 12.00
# Visual Studio Version 16
VisualStudioVersion = 16.0.31702.278
MinimumVisualStudioVersion = 10.0.40219.1
Project("{FAE04EC0-301F-11D3-BF4B-00C04F79EFBC}") = "MOD4_3", "MOD4_3.csproj", "{A0207E0D-CBE3-4D1F-AD04-B23F103A3A30}"
EndProject
Project("{FAE04EC0-301F-11D3-BF4B-00C04F79EFBC}") = "ConsoleApp3", "..\ConsoleApp3\ConsoleApp3.csproj", "{4239A510-044F-44FA-B40E-CA4D1901C948}"
EndProject
Global
	GlobalSection(SolutionConfigurationPlatforms) = preSolution
		Debug|Any CPU = Debug|Any CPU
		Release|Any CPU = Release|Any CPU
	EndGlobalSection
	GlobalSection(ProjectConfigurationPlatforms) = postSolution
		{A0207E0D-CBE3-4D1F-AD04-B23F103A3A30}.Debug|Any CPU.ActiveCfg = Debug|Any CPU
		{A0207E0D-CBE3-4D1F-AD04-B23F103A3A30}.Debug|Any CPU.Build.0 = Debug|Any CPU
		{A0207E0D-CBE3-4D1F-AD04-B23F103A3A30}.Release|Any CPU.ActiveCfg = Release|Any CPU
		{A0207E0D-CBE3-4D1F-AD04-B23F103A3A30}.Release|Any CPU.Build.0 = Release|Any CPU
		{4239A510-044F-44FA-B40E-CA4D1901C948}.Debug|Any CPU.ActiveCfg = Debug|Any CPU
		{4239A510-044F-44FA-B40E-CA4D1901C948}.Debug|Any CPU.Build.0 = Debug|Any CPU
		{4239A510-044F-44FA-B40E-CA4D1901C948}.Release|Any CPU.ActiveCfg = Release|Any CPU
		{4239A510-044F-44FA-B40E-CA4D1901C948}.Release|Any CPU.Build.0 = Release|Any CPU
	EndGlobalSection
	GlobalSection(SolutionProperties) = preSolution
		HideSolutionNode = FALSE
	EndGlobalSection
	GlobalSection(ExtensibilityGlobals) = postSolution
		SolutionGuid = {9EF19A0A-7218-4F20-B5EF-E254D9318812}
	EndGlobalSection
EndGlobal
