
Microsoft Visual Studio Solution File, Format Version 12.00
# Visual Studio Version 17
VisualStudioVersion = 17.1.32210.238
MinimumVisualStudioVersion = 10.0.40219.1
Project("{2150E333-8FDC-42A3-9474-1A3956D46DE8}") = "Модуль 5. Методы", "Модуль 5. Методы", "{ADEFD904-F042-4061-BBA3-127E0E4F792D}"
	ProjectSection(SolutionItems) = preProject
		Задания.txt = Задания.txt
	EndProjectSection
EndProject
Project("{9A19103F-16F7-4668-BE54-9A1E7A4F7556}") = "MOD5_1   разделения строки на слова", "MOD5_Methods\MOD5_1\MOD5_1   разделения строки на слова.csproj", "{2F7C0011-47C1-4463-8B65-C4DD32D56170}"
EndProject
Project("{9A19103F-16F7-4668-BE54-9A1E7A4F7556}") = "MOD5_2   Перестановка слов", "MOD5_Methods\MOD5_2\MOD5_2   Перестановка слов.csproj", "{17025802-8C62-48FF-AB0E-78E9881D09CB}"
EndProject
Project("{2150E333-8FDC-42A3-9474-1A3956D46DE8}") = "Модуль 4. Матрицы", "Модуль 4. Матрицы", "{6151328C-C0CA-40DB-9994-3099A40F06DF}"
EndProject
Project("{9A19103F-16F7-4668-BE54-9A1E7A4F7556}") = "MOD4_1   Создание случайной матрицы", "MOD4_matrix\MOD4_1\MOD4_1   Создание случайной матрицы.csproj", "{05ED100F-B159-43A4-B937-C84736D42C92}"
EndProject
Project("{9A19103F-16F7-4668-BE54-9A1E7A4F7556}") = "MOD4_2  Наименьший элемент", "MOD4_matrix\MOD4_2\MOD4_2  Наименьший элемент.csproj", "{DFF0D796-E7C8-45A9-936C-E5C0A635FDA9}"
EndProject
Project("{9A19103F-16F7-4668-BE54-9A1E7A4F7556}") = "MOD4_3  Игра «Угадай число»", "MOD4_matrix\MOD4_3\MOD4_3  Игра «Угадай число».csproj", "{1D7AEEF5-3F35-4AD1-B635-19A8860A1986}"
EndProject
Project("{9A19103F-16F7-4668-BE54-9A1E7A4F7556}") = "MOD4_3_1   Финансовая таблица", "MOD4_matrix\mod4_z1\MOD4_3_1   Финансовая таблица.csproj", "{CFFBBB1F-233A-4EE9-8380-1190F3176A11}"
EndProject
Project("{9A19103F-16F7-4668-BE54-9A1E7A4F7556}") = "MOD4_3_2   Треугольник Паскаля", "MOD4_matrix\TRiangle\MOD4_3_2   Треугольник Паскаля.csproj", "{2D40BE96-C372-4028-AB80-0BEBBEA61A4F}"
EndProject
Project("{9A19103F-16F7-4668-BE54-9A1E7A4F7556}") = "MOD4_3_4   Сложение и вычитание матриц", "MOD4_matrix\MatrixPLUS\MOD4_3_4   Сложение и вычитание матриц.csproj", "{72DB0D12-21FC-4DAD-9CFF-5C1AD6D0A2A9}"
EndProject
Project("{9A19103F-16F7-4668-BE54-9A1E7A4F7556}") = "MOD4_3_4   Умножение матриц                 не доделано", "MOD4_matrix\MxM\MOD4_3_4 MxM\MOD4_3_4   Умножение матриц                 не доделано.csproj", "{C35B3B11-0AE1-4E24-B3EB-11723D0C5309}"
EndProject
Project("{FAE04EC0-301F-11D3-BF4B-00C04F79EFBC}") = "0_Домашнее задание", "MOD4_matrix\HomeWork\0_Домашнее задание.csproj", "{F1FA1384-19C3-43B5-8900-E45234AFF3EE}"
EndProject
Project("{9A19103F-16F7-4668-BE54-9A1E7A4F7556}") = "MOD4_3_3 Умножение матрицы на число", "MOD4_matrix\MOD4_3_4_MatrixNumber\MOD4_3_3 Умножение матрицы на число.csproj", "{4B7AD06F-009C-427A-BDF0-61029F18D390}"
EndProject
Project("{9A19103F-16F7-4668-BE54-9A1E7A4F7556}") = "MOD5_3  Умножить матрицу на число", "MOD5_Methods\MOD5_3 Методы матрицы\MOD5_3  Умножить матрицу на число.csproj", "{5F0AC4A8-921A-4429-9D8B-658D9E853FBF}"
EndProject
Project("{9A19103F-16F7-4668-BE54-9A1E7A4F7556}") = "MOD5_4 Сложить две матрицы в методе", "MOD5_Methods\MOD5_4 Сложить две матрицы в методе\MOD5_4 Сложить две матрицы в методе.csproj", "{66E54400-0707-4626-8019-EF92E0BCAA90}"
EndProject
Project("{9A19103F-16F7-4668-BE54-9A1E7A4F7556}") = "MOD5_5 Умножить две матрицы в методе", "MOD5_Methods\MOD5_5 Умножить две матрицы в методе\MOD5_5 Умножить две матрицы в методе.csproj", "{2A2F596A-2805-4AC0-AAD1-CC0411E95B7D}"
EndProject
Project("{9A19103F-16F7-4668-BE54-9A1E7A4F7556}") = "MOD5_6 Слова через методы", "MOD5_Methods\MOD5_6 Слово через методы\MOD5_6 Слова через методы.csproj", "{C3A032E0-AFF7-4255-AFB9-13FCC4855FEA}"
EndProject
Project("{9A19103F-16F7-4668-BE54-9A1E7A4F7556}") = "MOD5_7 Убираем кратные символы", "MOD5_Methods\MOD5_7 Убираем кратные символы\MOD5_7 Убираем кратные символы.csproj", "{4A10E1A1-D85A-4FC1-A9D8-E92EAB1C1C8C}"
EndProject
Project("{9A19103F-16F7-4668-BE54-9A1E7A4F7556}") = "MOD5_8 Прогрессии", "MOD5_Methods\MOD5_8 Прогрессии\MOD5_8 Прогрессии.csproj", "{CC3D969B-6BB8-433C-8563-CB828B33E5E9}"
EndProject
Project("{9A19103F-16F7-4668-BE54-9A1E7A4F7556}") = "MOD5_9 Аккерман", "MOD5_Methods\MOD5_9 Аккерман\MOD5_9 Аккерман.csproj", "{3587661C-BC9B-4F06-A477-F58B75124DC8}"
EndProject
Project("{2150E333-8FDC-42A3-9474-1A3956D46DE8}") = "Модуль 6. Файлы", "Модуль 6. Файлы", "{6E3325FB-DD5F-45BC-94AA-46A36A83D02C}"
EndProject
Project("{9A19103F-16F7-4668-BE54-9A1E7A4F7556}") = "Записная книжка", "MOD6_Files\Записная книжка\Записная книжка.csproj", "{4176B5F7-1D00-4C1F-A2DE-A298B7B9600B}"
EndProject
Project("{9A19103F-16F7-4668-BE54-9A1E7A4F7556}") = "Hakaton", "MOD6_Files\Hakaton\Hakaton.csproj", "{16120263-9C50-4647-A5B1-8459ACF666D4}"
EndProject
Project("{2150E333-8FDC-42A3-9474-1A3956D46DE8}") = "Модуль 7. Структуры", "Модуль 7. Структуры", "{5D56CF69-5BD1-4571-B5A9-22120B2F043D}"
EndProject
Project("{9A19103F-16F7-4668-BE54-9A1E7A4F7556}") = "WriteBook", "MOD7_Struct\WriteBook\WriteBook.csproj", "{90B57205-1497-458D-959C-30F32475A026}"
EndProject
Project("{9A19103F-16F7-4668-BE54-9A1E7A4F7556}") = "EveryDay", "MOD7_Struct\EveryDay\EveryDay.csproj", "{77956A50-89B0-4F0B-969A-CA123B0C034D}"
EndProject
Project("{9A19103F-16F7-4668-BE54-9A1E7A4F7556}") = "WriteBook1", "D:\C#\repos\LobikAlex\SkillBoxHomeWork\MOD7_Struct\Записная книжна со структурой\WriteBook1.csproj", "{2D61A038-7F08-401E-88A7-C19682672E84}"
EndProject
Project("{FAE04EC0-301F-11D3-BF4B-00C04F79EFBC}") = "MOD1_1", "MOD1_1\MOD1_1.csproj", "{1F8BC5FE-B643-43F7-B5A4-3901DC26F507}"
EndProject
Project("{FAE04EC0-301F-11D3-BF4B-00C04F79EFBC}") = "MOD1_1", "..\..\Theme1\Theme1\MOD1_1.csproj", "{15963445-1768-496E-AB3E-9DD4CB4D6642}"
EndProject
Project("{2150E333-8FDC-42A3-9474-1A3956D46DE8}") = "Модуль 2. Переменные", "Модуль 2. Переменные", "{D2E23DF3-14B1-475B-9863-13BCAAEE6732}"
EndProject
Project("{2150E333-8FDC-42A3-9474-1A3956D46DE8}") = "Модуль 3. Ветвления и циклы", "Модуль 3. Ветвления и циклы", "{37F063C1-7E11-496A-8BE4-125B478FF19C}"
	ProjectSection(SolutionItems) = preProject
		TextFile1.txt = TextFile1.txt
	EndProjectSection
EndProject
Project("{2150E333-8FDC-42A3-9474-1A3956D46DE8}") = "Sourse", "Sourse", "{F1B001C6-FE71-4051-9BC8-4CA2F2640844}"
EndProject
Global
	GlobalSection(SolutionConfigurationPlatforms) = preSolution
		Debug|Any CPU = Debug|Any CPU
		Release|Any CPU = Release|Any CPU
	EndGlobalSection
	GlobalSection(ProjectConfigurationPlatforms) = postSolution
		{2F7C0011-47C1-4463-8B65-C4DD32D56170}.Debug|Any CPU.ActiveCfg = Debug|Any CPU
		{2F7C0011-47C1-4463-8B65-C4DD32D56170}.Debug|Any CPU.Build.0 = Debug|Any CPU
		{2F7C0011-47C1-4463-8B65-C4DD32D56170}.Release|Any CPU.ActiveCfg = Release|Any CPU
		{2F7C0011-47C1-4463-8B65-C4DD32D56170}.Release|Any CPU.Build.0 = Release|Any CPU
		{17025802-8C62-48FF-AB0E-78E9881D09CB}.Debug|Any CPU.ActiveCfg = Debug|Any CPU
		{17025802-8C62-48FF-AB0E-78E9881D09CB}.Debug|Any CPU.Build.0 = Debug|Any CPU
		{17025802-8C62-48FF-AB0E-78E9881D09CB}.Release|Any CPU.ActiveCfg = Release|Any CPU
		{17025802-8C62-48FF-AB0E-78E9881D09CB}.Release|Any CPU.Build.0 = Release|Any CPU
		{05ED100F-B159-43A4-B937-C84736D42C92}.Debug|Any CPU.ActiveCfg = Debug|Any CPU
		{05ED100F-B159-43A4-B937-C84736D42C92}.Debug|Any CPU.Build.0 = Debug|Any CPU
		{05ED100F-B159-43A4-B937-C84736D42C92}.Release|Any CPU.ActiveCfg = Release|Any CPU
		{05ED100F-B159-43A4-B937-C84736D42C92}.Release|Any CPU.Build.0 = Release|Any CPU
		{DFF0D796-E7C8-45A9-936C-E5C0A635FDA9}.Debug|Any CPU.ActiveCfg = Debug|Any CPU
		{DFF0D796-E7C8-45A9-936C-E5C0A635FDA9}.Debug|Any CPU.Build.0 = Debug|Any CPU
		{DFF0D796-E7C8-45A9-936C-E5C0A635FDA9}.Release|Any CPU.ActiveCfg = Release|Any CPU
		{DFF0D796-E7C8-45A9-936C-E5C0A635FDA9}.Release|Any CPU.Build.0 = Release|Any CPU
		{1D7AEEF5-3F35-4AD1-B635-19A8860A1986}.Debug|Any CPU.ActiveCfg = Debug|Any CPU
		{1D7AEEF5-3F35-4AD1-B635-19A8860A1986}.Debug|Any CPU.Build.0 = Debug|Any CPU
		{1D7AEEF5-3F35-4AD1-B635-19A8860A1986}.Release|Any CPU.ActiveCfg = Release|Any CPU
		{1D7AEEF5-3F35-4AD1-B635-19A8860A1986}.Release|Any CPU.Build.0 = Release|Any CPU
		{CFFBBB1F-233A-4EE9-8380-1190F3176A11}.Debug|Any CPU.ActiveCfg = Debug|Any CPU
		{CFFBBB1F-233A-4EE9-8380-1190F3176A11}.Debug|Any CPU.Build.0 = Debug|Any CPU
		{CFFBBB1F-233A-4EE9-8380-1190F3176A11}.Release|Any CPU.ActiveCfg = Release|Any CPU
		{CFFBBB1F-233A-4EE9-8380-1190F3176A11}.Release|Any CPU.Build.0 = Release|Any CPU
		{2D40BE96-C372-4028-AB80-0BEBBEA61A4F}.Debug|Any CPU.ActiveCfg = Debug|Any CPU
		{2D40BE96-C372-4028-AB80-0BEBBEA61A4F}.Debug|Any CPU.Build.0 = Debug|Any CPU
		{2D40BE96-C372-4028-AB80-0BEBBEA61A4F}.Release|Any CPU.ActiveCfg = Release|Any CPU
		{2D40BE96-C372-4028-AB80-0BEBBEA61A4F}.Release|Any CPU.Build.0 = Release|Any CPU
		{72DB0D12-21FC-4DAD-9CFF-5C1AD6D0A2A9}.Debug|Any CPU.ActiveCfg = Debug|Any CPU
		{72DB0D12-21FC-4DAD-9CFF-5C1AD6D0A2A9}.Debug|Any CPU.Build.0 = Debug|Any CPU
		{72DB0D12-21FC-4DAD-9CFF-5C1AD6D0A2A9}.Release|Any CPU.ActiveCfg = Release|Any CPU
		{72DB0D12-21FC-4DAD-9CFF-5C1AD6D0A2A9}.Release|Any CPU.Build.0 = Release|Any CPU
		{C35B3B11-0AE1-4E24-B3EB-11723D0C5309}.Debug|Any CPU.ActiveCfg = Debug|Any CPU
		{C35B3B11-0AE1-4E24-B3EB-11723D0C5309}.Debug|Any CPU.Build.0 = Debug|Any CPU
		{C35B3B11-0AE1-4E24-B3EB-11723D0C5309}.Release|Any CPU.ActiveCfg = Release|Any CPU
		{C35B3B11-0AE1-4E24-B3EB-11723D0C5309}.Release|Any CPU.Build.0 = Release|Any CPU
		{F1FA1384-19C3-43B5-8900-E45234AFF3EE}.Debug|Any CPU.ActiveCfg = Debug|Any CPU
		{F1FA1384-19C3-43B5-8900-E45234AFF3EE}.Debug|Any CPU.Build.0 = Debug|Any CPU
		{F1FA1384-19C3-43B5-8900-E45234AFF3EE}.Release|Any CPU.ActiveCfg = Release|Any CPU
		{F1FA1384-19C3-43B5-8900-E45234AFF3EE}.Release|Any CPU.Build.0 = Release|Any CPU
		{4B7AD06F-009C-427A-BDF0-61029F18D390}.Debug|Any CPU.ActiveCfg = Debug|Any CPU
		{4B7AD06F-009C-427A-BDF0-61029F18D390}.Debug|Any CPU.Build.0 = Debug|Any CPU
		{4B7AD06F-009C-427A-BDF0-61029F18D390}.Release|Any CPU.ActiveCfg = Release|Any CPU
		{4B7AD06F-009C-427A-BDF0-61029F18D390}.Release|Any CPU.Build.0 = Release|Any CPU
		{5F0AC4A8-921A-4429-9D8B-658D9E853FBF}.Debug|Any CPU.ActiveCfg = Debug|Any CPU
		{5F0AC4A8-921A-4429-9D8B-658D9E853FBF}.Debug|Any CPU.Build.0 = Debug|Any CPU
		{5F0AC4A8-921A-4429-9D8B-658D9E853FBF}.Release|Any CPU.ActiveCfg = Release|Any CPU
		{5F0AC4A8-921A-4429-9D8B-658D9E853FBF}.Release|Any CPU.Build.0 = Release|Any CPU
		{66E54400-0707-4626-8019-EF92E0BCAA90}.Debug|Any CPU.ActiveCfg = Debug|Any CPU
		{66E54400-0707-4626-8019-EF92E0BCAA90}.Debug|Any CPU.Build.0 = Debug|Any CPU
		{66E54400-0707-4626-8019-EF92E0BCAA90}.Release|Any CPU.ActiveCfg = Release|Any CPU
		{66E54400-0707-4626-8019-EF92E0BCAA90}.Release|Any CPU.Build.0 = Release|Any CPU
		{2A2F596A-2805-4AC0-AAD1-CC0411E95B7D}.Debug|Any CPU.ActiveCfg = Debug|Any CPU
		{2A2F596A-2805-4AC0-AAD1-CC0411E95B7D}.Debug|Any CPU.Build.0 = Debug|Any CPU
		{2A2F596A-2805-4AC0-AAD1-CC0411E95B7D}.Release|Any CPU.ActiveCfg = Release|Any CPU
		{2A2F596A-2805-4AC0-AAD1-CC0411E95B7D}.Release|Any CPU.Build.0 = Release|Any CPU
		{C3A032E0-AFF7-4255-AFB9-13FCC4855FEA}.Debug|Any CPU.ActiveCfg = Debug|Any CPU
		{C3A032E0-AFF7-4255-AFB9-13FCC4855FEA}.Debug|Any CPU.Build.0 = Debug|Any CPU
		{C3A032E0-AFF7-4255-AFB9-13FCC4855FEA}.Release|Any CPU.ActiveCfg = Release|Any CPU
		{C3A032E0-AFF7-4255-AFB9-13FCC4855FEA}.Release|Any CPU.Build.0 = Release|Any CPU
		{4A10E1A1-D85A-4FC1-A9D8-E92EAB1C1C8C}.Debug|Any CPU.ActiveCfg = Debug|Any CPU
		{4A10E1A1-D85A-4FC1-A9D8-E92EAB1C1C8C}.Debug|Any CPU.Build.0 = Debug|Any CPU
		{4A10E1A1-D85A-4FC1-A9D8-E92EAB1C1C8C}.Release|Any CPU.ActiveCfg = Release|Any CPU
		{4A10E1A1-D85A-4FC1-A9D8-E92EAB1C1C8C}.Release|Any CPU.Build.0 = Release|Any CPU
		{CC3D969B-6BB8-433C-8563-CB828B33E5E9}.Debug|Any CPU.ActiveCfg = Debug|Any CPU
		{CC3D969B-6BB8-433C-8563-CB828B33E5E9}.Debug|Any CPU.Build.0 = Debug|Any CPU
		{CC3D969B-6BB8-433C-8563-CB828B33E5E9}.Release|Any CPU.ActiveCfg = Release|Any CPU
		{CC3D969B-6BB8-433C-8563-CB828B33E5E9}.Release|Any CPU.Build.0 = Release|Any CPU
		{3587661C-BC9B-4F06-A477-F58B75124DC8}.Debug|Any CPU.ActiveCfg = Debug|Any CPU
		{3587661C-BC9B-4F06-A477-F58B75124DC8}.Debug|Any CPU.Build.0 = Debug|Any CPU
		{3587661C-BC9B-4F06-A477-F58B75124DC8}.Release|Any CPU.ActiveCfg = Release|Any CPU
		{3587661C-BC9B-4F06-A477-F58B75124DC8}.Release|Any CPU.Build.0 = Release|Any CPU
		{4176B5F7-1D00-4C1F-A2DE-A298B7B9600B}.Debug|Any CPU.ActiveCfg = Debug|Any CPU
		{4176B5F7-1D00-4C1F-A2DE-A298B7B9600B}.Debug|Any CPU.Build.0 = Debug|Any CPU
		{4176B5F7-1D00-4C1F-A2DE-A298B7B9600B}.Release|Any CPU.ActiveCfg = Release|Any CPU
		{4176B5F7-1D00-4C1F-A2DE-A298B7B9600B}.Release|Any CPU.Build.0 = Release|Any CPU
		{16120263-9C50-4647-A5B1-8459ACF666D4}.Debug|Any CPU.ActiveCfg = Debug|Any CPU
		{16120263-9C50-4647-A5B1-8459ACF666D4}.Debug|Any CPU.Build.0 = Debug|Any CPU
		{16120263-9C50-4647-A5B1-8459ACF666D4}.Release|Any CPU.ActiveCfg = Release|Any CPU
		{16120263-9C50-4647-A5B1-8459ACF666D4}.Release|Any CPU.Build.0 = Release|Any CPU
		{90B57205-1497-458D-959C-30F32475A026}.Debug|Any CPU.ActiveCfg = Debug|Any CPU
		{90B57205-1497-458D-959C-30F32475A026}.Debug|Any CPU.Build.0 = Debug|Any CPU
		{90B57205-1497-458D-959C-30F32475A026}.Release|Any CPU.ActiveCfg = Release|Any CPU
		{90B57205-1497-458D-959C-30F32475A026}.Release|Any CPU.Build.0 = Release|Any CPU
		{77956A50-89B0-4F0B-969A-CA123B0C034D}.Debug|Any CPU.ActiveCfg = Debug|Any CPU
		{77956A50-89B0-4F0B-969A-CA123B0C034D}.Debug|Any CPU.Build.0 = Debug|Any CPU
		{77956A50-89B0-4F0B-969A-CA123B0C034D}.Release|Any CPU.ActiveCfg = Release|Any CPU
		{77956A50-89B0-4F0B-969A-CA123B0C034D}.Release|Any CPU.Build.0 = Release|Any CPU
		{2D61A038-7F08-401E-88A7-C19682672E84}.Debug|Any CPU.ActiveCfg = Debug|Any CPU
		{2D61A038-7F08-401E-88A7-C19682672E84}.Debug|Any CPU.Build.0 = Debug|Any CPU
		{2D61A038-7F08-401E-88A7-C19682672E84}.Release|Any CPU.ActiveCfg = Release|Any CPU
		{2D61A038-7F08-401E-88A7-C19682672E84}.Release|Any CPU.Build.0 = Release|Any CPU
		{1F8BC5FE-B643-43F7-B5A4-3901DC26F507}.Debug|Any CPU.ActiveCfg = Debug|Any CPU
		{1F8BC5FE-B643-43F7-B5A4-3901DC26F507}.Debug|Any CPU.Build.0 = Debug|Any CPU
		{1F8BC5FE-B643-43F7-B5A4-3901DC26F507}.Release|Any CPU.ActiveCfg = Release|Any CPU
		{1F8BC5FE-B643-43F7-B5A4-3901DC26F507}.Release|Any CPU.Build.0 = Release|Any CPU
		{15963445-1768-496E-AB3E-9DD4CB4D6642}.Debug|Any CPU.ActiveCfg = Debug|Any CPU
		{15963445-1768-496E-AB3E-9DD4CB4D6642}.Debug|Any CPU.Build.0 = Debug|Any CPU
		{15963445-1768-496E-AB3E-9DD4CB4D6642}.Release|Any CPU.ActiveCfg = Release|Any CPU
		{15963445-1768-496E-AB3E-9DD4CB4D6642}.Release|Any CPU.Build.0 = Release|Any CPU
	EndGlobalSection
	GlobalSection(SolutionProperties) = preSolution
		HideSolutionNode = FALSE
	EndGlobalSection
	GlobalSection(NestedProjects) = preSolution
		{2F7C0011-47C1-4463-8B65-C4DD32D56170} = {ADEFD904-F042-4061-BBA3-127E0E4F792D}
		{17025802-8C62-48FF-AB0E-78E9881D09CB} = {ADEFD904-F042-4061-BBA3-127E0E4F792D}
		{05ED100F-B159-43A4-B937-C84736D42C92} = {6151328C-C0CA-40DB-9994-3099A40F06DF}
		{DFF0D796-E7C8-45A9-936C-E5C0A635FDA9} = {6151328C-C0CA-40DB-9994-3099A40F06DF}
		{1D7AEEF5-3F35-4AD1-B635-19A8860A1986} = {6151328C-C0CA-40DB-9994-3099A40F06DF}
		{CFFBBB1F-233A-4EE9-8380-1190F3176A11} = {6151328C-C0CA-40DB-9994-3099A40F06DF}
		{2D40BE96-C372-4028-AB80-0BEBBEA61A4F} = {6151328C-C0CA-40DB-9994-3099A40F06DF}
		{72DB0D12-21FC-4DAD-9CFF-5C1AD6D0A2A9} = {6151328C-C0CA-40DB-9994-3099A40F06DF}
		{C35B3B11-0AE1-4E24-B3EB-11723D0C5309} = {6151328C-C0CA-40DB-9994-3099A40F06DF}
		{F1FA1384-19C3-43B5-8900-E45234AFF3EE} = {6151328C-C0CA-40DB-9994-3099A40F06DF}
		{4B7AD06F-009C-427A-BDF0-61029F18D390} = {6151328C-C0CA-40DB-9994-3099A40F06DF}
		{5F0AC4A8-921A-4429-9D8B-658D9E853FBF} = {ADEFD904-F042-4061-BBA3-127E0E4F792D}
		{66E54400-0707-4626-8019-EF92E0BCAA90} = {ADEFD904-F042-4061-BBA3-127E0E4F792D}
		{2A2F596A-2805-4AC0-AAD1-CC0411E95B7D} = {ADEFD904-F042-4061-BBA3-127E0E4F792D}
		{C3A032E0-AFF7-4255-AFB9-13FCC4855FEA} = {ADEFD904-F042-4061-BBA3-127E0E4F792D}
		{4A10E1A1-D85A-4FC1-A9D8-E92EAB1C1C8C} = {ADEFD904-F042-4061-BBA3-127E0E4F792D}
		{CC3D969B-6BB8-433C-8563-CB828B33E5E9} = {ADEFD904-F042-4061-BBA3-127E0E4F792D}
		{3587661C-BC9B-4F06-A477-F58B75124DC8} = {ADEFD904-F042-4061-BBA3-127E0E4F792D}
		{4176B5F7-1D00-4C1F-A2DE-A298B7B9600B} = {6E3325FB-DD5F-45BC-94AA-46A36A83D02C}
		{16120263-9C50-4647-A5B1-8459ACF666D4} = {6E3325FB-DD5F-45BC-94AA-46A36A83D02C}
		{90B57205-1497-458D-959C-30F32475A026} = {5D56CF69-5BD1-4571-B5A9-22120B2F043D}
		{77956A50-89B0-4F0B-969A-CA123B0C034D} = {5D56CF69-5BD1-4571-B5A9-22120B2F043D}
		{2D61A038-7F08-401E-88A7-C19682672E84} = {5D56CF69-5BD1-4571-B5A9-22120B2F043D}
		{1F8BC5FE-B643-43F7-B5A4-3901DC26F507} = {5D56CF69-5BD1-4571-B5A9-22120B2F043D}
		{15963445-1768-496E-AB3E-9DD4CB4D6642} = {D2E23DF3-14B1-475B-9863-13BCAAEE6732}
		{F1B001C6-FE71-4051-9BC8-4CA2F2640844} = {37F063C1-7E11-496A-8BE4-125B478FF19C}
	EndGlobalSection
	GlobalSection(ExtensibilityGlobals) = postSolution
		SolutionGuid = {3DC919AA-3E6F-4B04-9C52-7A4C352A51EC}
	EndGlobalSection
EndGlobal
