
Microsoft Visual Studio Solution File, Format Version 12.00
# Visual Studio Version 16
VisualStudioVersion = 16.0.31702.278
MinimumVisualStudioVersion = 10.0.40219.1
Project("{2150E333-8FDC-42A3-9474-1A3956D46DE8}") = "Модуль 5. Методы", "Модуль 5. Методы", "{ADEFD904-F042-4061-BBA3-127E0E4F792D}"
EndProject
Project("{9A19103F-16F7-4668-BE54-9A1E7A4F7556}") = "MOD5_1   разделения строки на слова", "MOD5_Methods\MOD5_1\MOD5_1   разделения строки на слова.csproj", "{2F7C0011-47C1-4463-8B65-C4DD32D56170}"
EndProject
Project("{9A19103F-16F7-4668-BE54-9A1E7A4F7556}") = "MOD5_2   Перестановка слов", "MOD5_Methods\MOD5_2\MOD5_2   Перестановка слов.csproj", "{17025802-8C62-48FF-AB0E-78E9881D09CB}"
EndProject
Project("{2150E333-8FDC-42A3-9474-1A3956D46DE8}") = "Модуль 4. Матрицы", "Модуль 4. Матрицы", "{6151328C-C0CA-40DB-9994-3099A40F06DF}"
EndProject
Project("{9A19103F-16F7-4668-BE54-9A1E7A4F7556}") = "MOD4_1   Создание случайной матрицы", "MOD4_matrix\MOD4_1\MOD4_1   Создание случайной матрицы.csproj", "{05ED100F-B159-43A4-B937-C84736D42C92}"
EndProject
Project("{9A19103F-16F7-4668-BE54-9A1E7A4F7556}") = "MOD4_2  Наименьший элемент", "MOD4_matrix\MOD4_2\MOD4_2  Наименьший элемент.csproj", "{DFF0D796-E7C8-45A9-936C-E5C0A635FDA9}"
EndProject
Project("{9A19103F-16F7-4668-BE54-9A1E7A4F7556}") = "MOD4_3  Игра «Угадай число»", "MOD4_matrix\MOD4_3\MOD4_3  Игра «Угадай число».csproj", "{1D7AEEF5-3F35-4AD1-B635-19A8860A1986}"
EndProject
Project("{9A19103F-16F7-4668-BE54-9A1E7A4F7556}") = "MOD4_3_1   Финансовая таблица", "MOD4_matrix\mod4_z1\MOD4_3_1   Финансовая таблица.csproj", "{CFFBBB1F-233A-4EE9-8380-1190F3176A11}"
EndProject
Project("{9A19103F-16F7-4668-BE54-9A1E7A4F7556}") = "MOD4_3_2   Треугольник Паскаля", "MOD4_matrix\TRiangle\MOD4_3_2   Треугольник Паскаля.csproj", "{2D40BE96-C372-4028-AB80-0BEBBEA61A4F}"
EndProject
Project("{9A19103F-16F7-4668-BE54-9A1E7A4F7556}") = "MOD4_3_3   Умножение матрицы на число", "MOD4_matrix\MatrixNumber1\MOD4_3_3   Умножение матрицы на число.csproj", "{1E552347-140A-4121-8A2C-A4D8B1784CE4}"
EndProject
Project("{9A19103F-16F7-4668-BE54-9A1E7A4F7556}") = "MOD4_3_4   Сложение и вычитание матриц", "MOD4_matrix\MatrixPLUS\MOD4_3_4   Сложение и вычитание матриц.csproj", "{72DB0D12-21FC-4DAD-9CFF-5C1AD6D0A2A9}"
EndProject
Project("{9A19103F-16F7-4668-BE54-9A1E7A4F7556}") = "MOD4_3_5   Перемножение матриц", "MOD4_matrix\MatrixXMatrix\MOD4_3_5   Перемножение матриц.csproj", "{B39FCBA9-ABB5-4EA5-AB0C-9ED6779F18C8}"
EndProject
Global
	GlobalSection(SolutionConfigurationPlatforms) = preSolution
		Debug|Any CPU = Debug|Any CPU
		Release|Any CPU = Release|Any CPU
	EndGlobalSection
	GlobalSection(ProjectConfigurationPlatforms) = postSolution
		{2F7C0011-47C1-4463-8B65-C4DD32D56170}.Debug|Any CPU.ActiveCfg = Debug|Any CPU
		{2F7C0011-47C1-4463-8B65-C4DD32D56170}.Debug|Any CPU.Build.0 = Debug|Any CPU
		{2F7C0011-47C1-4463-8B65-C4DD32D56170}.Release|Any CPU.ActiveCfg = Release|Any CPU
		{2F7C0011-47C1-4463-8B65-C4DD32D56170}.Release|Any CPU.Build.0 = Release|Any CPU
		{17025802-8C62-48FF-AB0E-78E9881D09CB}.Debug|Any CPU.ActiveCfg = Debug|Any CPU
		{17025802-8C62-48FF-AB0E-78E9881D09CB}.Debug|Any CPU.Build.0 = Debug|Any CPU
		{17025802-8C62-48FF-AB0E-78E9881D09CB}.Release|Any CPU.ActiveCfg = Release|Any CPU
		{17025802-8C62-48FF-AB0E-78E9881D09CB}.Release|Any CPU.Build.0 = Release|Any CPU
		{05ED100F-B159-43A4-B937-C84736D42C92}.Debug|Any CPU.ActiveCfg = Debug|Any CPU
		{05ED100F-B159-43A4-B937-C84736D42C92}.Debug|Any CPU.Build.0 = Debug|Any CPU
		{05ED100F-B159-43A4-B937-C84736D42C92}.Release|Any CPU.ActiveCfg = Release|Any CPU
		{05ED100F-B159-43A4-B937-C84736D42C92}.Release|Any CPU.Build.0 = Release|Any CPU
		{DFF0D796-E7C8-45A9-936C-E5C0A635FDA9}.Debug|Any CPU.ActiveCfg = Debug|Any CPU
		{DFF0D796-E7C8-45A9-936C-E5C0A635FDA9}.Debug|Any CPU.Build.0 = Debug|Any CPU
		{DFF0D796-E7C8-45A9-936C-E5C0A635FDA9}.Release|Any CPU.ActiveCfg = Release|Any CPU
		{DFF0D796-E7C8-45A9-936C-E5C0A635FDA9}.Release|Any CPU.Build.0 = Release|Any CPU
		{1D7AEEF5-3F35-4AD1-B635-19A8860A1986}.Debug|Any CPU.ActiveCfg = Debug|Any CPU
		{1D7AEEF5-3F35-4AD1-B635-19A8860A1986}.Debug|Any CPU.Build.0 = Debug|Any CPU
		{1D7AEEF5-3F35-4AD1-B635-19A8860A1986}.Release|Any CPU.ActiveCfg = Release|Any CPU
		{1D7AEEF5-3F35-4AD1-B635-19A8860A1986}.Release|Any CPU.Build.0 = Release|Any CPU
		{CFFBBB1F-233A-4EE9-8380-1190F3176A11}.Debug|Any CPU.ActiveCfg = Debug|Any CPU
		{CFFBBB1F-233A-4EE9-8380-1190F3176A11}.Debug|Any CPU.Build.0 = Debug|Any CPU
		{CFFBBB1F-233A-4EE9-8380-1190F3176A11}.Release|Any CPU.ActiveCfg = Release|Any CPU
		{CFFBBB1F-233A-4EE9-8380-1190F3176A11}.Release|Any CPU.Build.0 = Release|Any CPU
		{2D40BE96-C372-4028-AB80-0BEBBEA61A4F}.Debug|Any CPU.ActiveCfg = Debug|Any CPU
		{2D40BE96-C372-4028-AB80-0BEBBEA61A4F}.Debug|Any CPU.Build.0 = Debug|Any CPU
		{2D40BE96-C372-4028-AB80-0BEBBEA61A4F}.Release|Any CPU.ActiveCfg = Release|Any CPU
		{2D40BE96-C372-4028-AB80-0BEBBEA61A4F}.Release|Any CPU.Build.0 = Release|Any CPU
		{1E552347-140A-4121-8A2C-A4D8B1784CE4}.Debug|Any CPU.ActiveCfg = Debug|Any CPU
		{1E552347-140A-4121-8A2C-A4D8B1784CE4}.Debug|Any CPU.Build.0 = Debug|Any CPU
		{1E552347-140A-4121-8A2C-A4D8B1784CE4}.Release|Any CPU.ActiveCfg = Release|Any CPU
		{1E552347-140A-4121-8A2C-A4D8B1784CE4}.Release|Any CPU.Build.0 = Release|Any CPU
		{72DB0D12-21FC-4DAD-9CFF-5C1AD6D0A2A9}.Debug|Any CPU.ActiveCfg = Debug|Any CPU
		{72DB0D12-21FC-4DAD-9CFF-5C1AD6D0A2A9}.Debug|Any CPU.Build.0 = Debug|Any CPU
		{72DB0D12-21FC-4DAD-9CFF-5C1AD6D0A2A9}.Release|Any CPU.ActiveCfg = Release|Any CPU
		{72DB0D12-21FC-4DAD-9CFF-5C1AD6D0A2A9}.Release|Any CPU.Build.0 = Release|Any CPU
		{B39FCBA9-ABB5-4EA5-AB0C-9ED6779F18C8}.Debug|Any CPU.ActiveCfg = Debug|Any CPU
		{B39FCBA9-ABB5-4EA5-AB0C-9ED6779F18C8}.Debug|Any CPU.Build.0 = Debug|Any CPU
		{B39FCBA9-ABB5-4EA5-AB0C-9ED6779F18C8}.Release|Any CPU.ActiveCfg = Release|Any CPU
		{B39FCBA9-ABB5-4EA5-AB0C-9ED6779F18C8}.Release|Any CPU.Build.0 = Release|Any CPU
	EndGlobalSection
	GlobalSection(SolutionProperties) = preSolution
		HideSolutionNode = FALSE
	EndGlobalSection
	GlobalSection(NestedProjects) = preSolution
		{2F7C0011-47C1-4463-8B65-C4DD32D56170} = {ADEFD904-F042-4061-BBA3-127E0E4F792D}
		{17025802-8C62-48FF-AB0E-78E9881D09CB} = {ADEFD904-F042-4061-BBA3-127E0E4F792D}
		{05ED100F-B159-43A4-B937-C84736D42C92} = {6151328C-C0CA-40DB-9994-3099A40F06DF}
		{DFF0D796-E7C8-45A9-936C-E5C0A635FDA9} = {6151328C-C0CA-40DB-9994-3099A40F06DF}
		{1D7AEEF5-3F35-4AD1-B635-19A8860A1986} = {6151328C-C0CA-40DB-9994-3099A40F06DF}
		{CFFBBB1F-233A-4EE9-8380-1190F3176A11} = {6151328C-C0CA-40DB-9994-3099A40F06DF}
		{2D40BE96-C372-4028-AB80-0BEBBEA61A4F} = {6151328C-C0CA-40DB-9994-3099A40F06DF}
		{1E552347-140A-4121-8A2C-A4D8B1784CE4} = {6151328C-C0CA-40DB-9994-3099A40F06DF}
		{72DB0D12-21FC-4DAD-9CFF-5C1AD6D0A2A9} = {6151328C-C0CA-40DB-9994-3099A40F06DF}
		{B39FCBA9-ABB5-4EA5-AB0C-9ED6779F18C8} = {6151328C-C0CA-40DB-9994-3099A40F06DF}
	EndGlobalSection
	GlobalSection(ExtensibilityGlobals) = postSolution
		SolutionGuid = {3DC919AA-3E6F-4B04-9C52-7A4C352A51EC}
	EndGlobalSection
EndGlobal
