
Microsoft Visual Studio Solution File, Format Version 12.00
# Visual Studio Version 16
VisualStudioVersion = 16.0.31702.278
MinimumVisualStudioVersion = 10.0.40219.1
Project("{9A19103F-16F7-4668-BE54-9A1E7A4F7556}") = "MOD4_1", "MOD4_1.csproj", "{2571ECE2-F00F-4731-9AB2-899EAB1AD444}"
EndProject
Project("{9A19103F-16F7-4668-BE54-9A1E7A4F7556}") = "MOD4_2", "..\MOD4_2\MOD4_2.csproj", "{CDE0191B-81D2-49BF-8B45-FBD6D1F5AB1E}"
EndProject
Project("{9A19103F-16F7-4668-BE54-9A1E7A4F7556}") = "MOD4_3", "..\MOD4_3\MOD4_3.csproj", "{E1B707AE-CCC7-47E9-8990-7BFAE76FA08B}"
EndProject
Project("{9A19103F-16F7-4668-BE54-9A1E7A4F7556}") = "MOD4_3_1Finance", "..\mod4_z1\MOD4_3_1Finance.csproj", "{9636F246-A362-462E-9E76-0E23B9AE7386}"
EndProject
Project("{9A19103F-16F7-4668-BE54-9A1E7A4F7556}") = "MOD4_3_2TRiangle_Pascal", "..\TRiangle\MOD4_3_2TRiangle_Pascal.csproj", "{836FA9F4-2C30-4C84-ABA1-088A8061F86C}"
EndProject
Project("{9A19103F-16F7-4668-BE54-9A1E7A4F7556}") = "MOD4_3_3MatrixXNumber", "..\MatrixNumber1\MOD4_3_3MatrixXNumber.csproj", "{D0BF4432-F06A-4DC6-BDB3-D0C701D9A897}"
EndProject
Project("{9A19103F-16F7-4668-BE54-9A1E7A4F7556}") = "MOD4_3_4MatrixPlus", "..\MatrixPLUS\MOD4_3_4MatrixPlus.csproj", "{2AC2D91F-805A-443A-82B0-9E33386C372F}"
EndProject
Project("{9A19103F-16F7-4668-BE54-9A1E7A4F7556}") = "MOD4_3_5MatrixXMatrix", "..\MatrixXMatrix\MOD4_3_5MatrixXMatrix.csproj", "{731AC505-75FB-4D97-89E3-F425B5BCC0F2}"
EndProject
Global
	GlobalSection(SolutionConfigurationPlatforms) = preSolution
		Debug|Any CPU = Debug|Any CPU
		Release|Any CPU = Release|Any CPU
	EndGlobalSection
	GlobalSection(ProjectConfigurationPlatforms) = postSolution
		{2571ECE2-F00F-4731-9AB2-899EAB1AD444}.Debug|Any CPU.ActiveCfg = Debug|Any CPU
		{2571ECE2-F00F-4731-9AB2-899EAB1AD444}.Debug|Any CPU.Build.0 = Debug|Any CPU
		{2571ECE2-F00F-4731-9AB2-899EAB1AD444}.Release|Any CPU.ActiveCfg = Release|Any CPU
		{2571ECE2-F00F-4731-9AB2-899EAB1AD444}.Release|Any CPU.Build.0 = Release|Any CPU
		{CDE0191B-81D2-49BF-8B45-FBD6D1F5AB1E}.Debug|Any CPU.ActiveCfg = Debug|Any CPU
		{CDE0191B-81D2-49BF-8B45-FBD6D1F5AB1E}.Debug|Any CPU.Build.0 = Debug|Any CPU
		{CDE0191B-81D2-49BF-8B45-FBD6D1F5AB1E}.Release|Any CPU.ActiveCfg = Release|Any CPU
		{CDE0191B-81D2-49BF-8B45-FBD6D1F5AB1E}.Release|Any CPU.Build.0 = Release|Any CPU
		{E1B707AE-CCC7-47E9-8990-7BFAE76FA08B}.Debug|Any CPU.ActiveCfg = Debug|Any CPU
		{E1B707AE-CCC7-47E9-8990-7BFAE76FA08B}.Debug|Any CPU.Build.0 = Debug|Any CPU
		{E1B707AE-CCC7-47E9-8990-7BFAE76FA08B}.Release|Any CPU.ActiveCfg = Release|Any CPU
		{E1B707AE-CCC7-47E9-8990-7BFAE76FA08B}.Release|Any CPU.Build.0 = Release|Any CPU
		{9636F246-A362-462E-9E76-0E23B9AE7386}.Debug|Any CPU.ActiveCfg = Debug|Any CPU
		{9636F246-A362-462E-9E76-0E23B9AE7386}.Debug|Any CPU.Build.0 = Debug|Any CPU
		{9636F246-A362-462E-9E76-0E23B9AE7386}.Release|Any CPU.ActiveCfg = Release|Any CPU
		{9636F246-A362-462E-9E76-0E23B9AE7386}.Release|Any CPU.Build.0 = Release|Any CPU
		{836FA9F4-2C30-4C84-ABA1-088A8061F86C}.Debug|Any CPU.ActiveCfg = Debug|Any CPU
		{836FA9F4-2C30-4C84-ABA1-088A8061F86C}.Debug|Any CPU.Build.0 = Debug|Any CPU
		{836FA9F4-2C30-4C84-ABA1-088A8061F86C}.Release|Any CPU.ActiveCfg = Release|Any CPU
		{836FA9F4-2C30-4C84-ABA1-088A8061F86C}.Release|Any CPU.Build.0 = Release|Any CPU
		{D0BF4432-F06A-4DC6-BDB3-D0C701D9A897}.Debug|Any CPU.ActiveCfg = Debug|Any CPU
		{D0BF4432-F06A-4DC6-BDB3-D0C701D9A897}.Debug|Any CPU.Build.0 = Debug|Any CPU
		{D0BF4432-F06A-4DC6-BDB3-D0C701D9A897}.Release|Any CPU.ActiveCfg = Release|Any CPU
		{D0BF4432-F06A-4DC6-BDB3-D0C701D9A897}.Release|Any CPU.Build.0 = Release|Any CPU
		{2AC2D91F-805A-443A-82B0-9E33386C372F}.Debug|Any CPU.ActiveCfg = Debug|Any CPU
		{2AC2D91F-805A-443A-82B0-9E33386C372F}.Debug|Any CPU.Build.0 = Debug|Any CPU
		{2AC2D91F-805A-443A-82B0-9E33386C372F}.Release|Any CPU.ActiveCfg = Release|Any CPU
		{2AC2D91F-805A-443A-82B0-9E33386C372F}.Release|Any CPU.Build.0 = Release|Any CPU
		{731AC505-75FB-4D97-89E3-F425B5BCC0F2}.Debug|Any CPU.ActiveCfg = Debug|Any CPU
		{731AC505-75FB-4D97-89E3-F425B5BCC0F2}.Debug|Any CPU.Build.0 = Debug|Any CPU
		{731AC505-75FB-4D97-89E3-F425B5BCC0F2}.Release|Any CPU.ActiveCfg = Release|Any CPU
		{731AC505-75FB-4D97-89E3-F425B5BCC0F2}.Release|Any CPU.Build.0 = Release|Any CPU
	EndGlobalSection
	GlobalSection(SolutionProperties) = preSolution
		HideSolutionNode = FALSE
	EndGlobalSection
	GlobalSection(ExtensibilityGlobals) = postSolution
		SolutionGuid = {DB1E982B-2981-4A4F-B655-08F29E9E5995}
	EndGlobalSection
EndGlobal
